{
  "name": "transcript-evaluator",
  "lockfileVersion": 3,
  "requires": true,
  "packages": {
    "": {
      "name": "transcript-evaluator",
      "workspaces": [
        "apps/*",
        "packages/*"
      ]
    },
    "apps/web": {
      "name": "@transcript-evaluator/web",
      "version": "0.0.1"
    },
    "node_modules/@transcript-evaluator/core": {
      "resolved": "packages/core",
      "link": true
    },
    "node_modules/@transcript-evaluator/web": {
      "resolved": "apps/web",
      "link": true
    },
    "node_modules/@transcript-evaluator/worker": {
      "resolved": "packages/worker",
      "link": true
    },
    "packages/core": {
      "name": "@transcript-evaluator/core",
      "version": "0.0.1"
    },
    "packages/worker": {
      "name": "@transcript-evaluator/worker",
      "version": "0.0.1"
    }
  }
}
